// !$*UTF8*$!
{
	archiveVersion = 1;
	classes = {
	};
	objectVersion = 46;
	objects = {

/* Begin PBXBuildFile section */
		6B040A591D4951C90093A265 /* characteractions.sks in Resources */ = {isa = PBXBuildFile; fileRef = 6B040A581D4951C90093A265 /* characteractions.sks */; };
		6B040A5B1D49522C0093A265 /* growflowers.sks in Resources */ = {isa = PBXBuildFile; fileRef = 6B040A5A1D49522C0093A265 /* growflowers.sks */; };
		6B07E29D1D46563C004C61CE /* level1.sks in Resources */ = {isa = PBXBuildFile; fileRef = 6B07E29C1D46563C004C61CE /* level1.sks */; };
		6B181D7A1D5267FE0040B357 /* waterEffect.sks in Resources */ = {isa = PBXBuildFile; fileRef = 6B181D791D5267FE0040B357 /* waterEffect.sks */; };
		6B739A331D33F79800EDAE3C /* MSButtonNode.swift in Sources */ = {isa = PBXBuildFile; fileRef = 6B739A241D33F79800EDAE3C /* MSButtonNode.swift */; };
		6B739A341D33F79800EDAE3C /* MSReferenceNode.swift in Sources */ = {isa = PBXBuildFile; fileRef = 6B739A251D33F79800EDAE3C /* MSReferenceNode.swift */; };
		6B739A351D33F79800EDAE3C /* CGFloat+Extensions.swift in Sources */ = {isa = PBXBuildFile; fileRef = 6B739A271D33F79800EDAE3C /* CGFloat+Extensions.swift */; };
		6B739A361D33F79800EDAE3C /* CGPoint+Extensions.swift in Sources */ = {isa = PBXBuildFile; fileRef = 6B739A281D33F79800EDAE3C /* CGPoint+Extensions.swift */; };
		6B739A371D33F79800EDAE3C /* CGVector+Extensions.swift in Sources */ = {isa = PBXBuildFile; fileRef = 6B739A291D33F79800EDAE3C /* CGVector+Extensions.swift */; };
		6B739A381D33F79800EDAE3C /* Int+Extensions.swift in Sources */ = {isa = PBXBuildFile; fileRef = 6B739A2A1D33F79800EDAE3C /* Int+Extensions.swift */; };
		6B739A391D33F79800EDAE3C /* SKAction+Extensions.swift in Sources */ = {isa = PBXBuildFile; fileRef = 6B739A2B1D33F79800EDAE3C /* SKAction+Extensions.swift */; };
		6B739A3A1D33F79800EDAE3C /* SKAction+SpecialEffects.swift in Sources */ = {isa = PBXBuildFile; fileRef = 6B739A2C1D33F79800EDAE3C /* SKAction+SpecialEffects.swift */; };
		6B739A3B1D33F79800EDAE3C /* SKColor+Extensions.swift in Sources */ = {isa = PBXBuildFile; fileRef = 6B739A2D1D33F79800EDAE3C /* SKColor+Extensions.swift */; };
		6B739A3C1D33F79800EDAE3C /* SKNode+Extensions.swift in Sources */ = {isa = PBXBuildFile; fileRef = 6B739A2E1D33F79800EDAE3C /* SKNode+Extensions.swift */; };
		6B739A3D1D33F79800EDAE3C /* SKTAudio.swift in Sources */ = {isa = PBXBuildFile; fileRef = 6B739A2F1D33F79800EDAE3C /* SKTAudio.swift */; };
		6B739A3E1D33F79800EDAE3C /* SKTEffects.swift in Sources */ = {isa = PBXBuildFile; fileRef = 6B739A301D33F79800EDAE3C /* SKTEffects.swift */; };
		6B739A3F1D33F79800EDAE3C /* SKTTimingFunctions.swift in Sources */ = {isa = PBXBuildFile; fileRef = 6B739A311D33F79800EDAE3C /* SKTTimingFunctions.swift */; };
		6B739A401D33F79800EDAE3C /* Vector3.swift in Sources */ = {isa = PBXBuildFile; fileRef = 6B739A321D33F79800EDAE3C /* Vector3.swift */; };
		6B9DCF051D342E1D00551877 /* MainScene.sks in Resources */ = {isa = PBXBuildFile; fileRef = 6B9DCF041D342E1D00551877 /* MainScene.sks */; };
		6B9DCF071D34319900551877 /* MainScene.swift in Sources */ = {isa = PBXBuildFile; fileRef = 6B9DCF061D34319900551877 /* MainScene.swift */; };
		6BECC8871D2D9B53006ED0B7 /* Objects.swift in Sources */ = {isa = PBXBuildFile; fileRef = 6BECC8861D2D9B53006ED0B7 /* Objects.swift */; };
		6BEDCF941D2D500F0003F190 /* AppDelegate.swift in Sources */ = {isa = PBXBuildFile; fileRef = 6BEDCF931D2D500F0003F190 /* AppDelegate.swift */; };
		6BEDCF961D2D500F0003F190 /* GameScene.sks in Resources */ = {isa = PBXBuildFile; fileRef = 6BEDCF951D2D500F0003F190 /* GameScene.sks */; };
		6BEDCF981D2D500F0003F190 /* GameScene.swift in Sources */ = {isa = PBXBuildFile; fileRef = 6BEDCF971D2D500F0003F190 /* GameScene.swift */; };
		6BEDCF9A1D2D500F0003F190 /* GameViewController.swift in Sources */ = {isa = PBXBuildFile; fileRef = 6BEDCF991D2D500F0003F190 /* GameViewController.swift */; };
		6BEDCF9D1D2D500F0003F190 /* Main.storyboard in Resources */ = {isa = PBXBuildFile; fileRef = 6BEDCF9B1D2D500F0003F190 /* Main.storyboard */; };
		6BEDCF9F1D2D500F0003F190 /* Assets.xcassets in Resources */ = {isa = PBXBuildFile; fileRef = 6BEDCF9E1D2D500F0003F190 /* Assets.xcassets */; };
		6BEDCFA21D2D500F0003F190 /* LaunchScreen.storyboard in Resources */ = {isa = PBXBuildFile; fileRef = 6BEDCFA01D2D500F0003F190 /* LaunchScreen.storyboard */; };
		6BEDCFAC1D2D52AD0003F190 /* sfx_flap.caf in Resources */ = {isa = PBXBuildFile; fileRef = 6BEDCFAA1D2D52AD0003F190 /* sfx_flap.caf */; };
		6BEDCFAD1D2D52AD0003F190 /* sfx_goal.caf in Resources */ = {isa = PBXBuildFile; fileRef = 6BEDCFAB1D2D52AD0003F190 /* sfx_goal.caf */; };
		6BEDD41A1D3D715F00CCB0E7 /* pickchar.swift in Sources */ = {isa = PBXBuildFile; fileRef = 6BEDD4191D3D715F00CCB0E7 /* pickchar.swift */; };
		6BEDD41E1D3D71B000CCB0E7 /* pickchar.sks in Resources */ = {isa = PBXBuildFile; fileRef = 6BEDD41D1D3D71B000CCB0E7 /* pickchar.sks */; };
		6BF2A8D11D47BBF300821C1A /* level2.sks in Resources */ = {isa = PBXBuildFile; fileRef = 6BF2A8D01D47BBF300821C1A /* level2.sks */; };
		6BF2A8D31D47BC0500821C1A /* level3.sks in Resources */ = {isa = PBXBuildFile; fileRef = 6BF2A8D21D47BC0500821C1A /* level3.sks */; };
		6BF2A8D51D47BC1500821C1A /* level4.sks in Resources */ = {isa = PBXBuildFile; fileRef = 6BF2A8D41D47BC1500821C1A /* level4.sks */; };
		6BF2A8D81D47EDEE00821C1A /* candleExplosion.sks in Resources */ = {isa = PBXBuildFile; fileRef = 6BF2A8D61D47EDEE00821C1A /* candleExplosion.sks */; };
		6BF2A8D91D47EDEE00821C1A /* spark.png in Resources */ = {isa = PBXBuildFile; fileRef = 6BF2A8D71D47EDEE00821C1A /* spark.png */; };
		6BFA62C21D4A5BC800AD297A /* chooselevels.sks in Resources */ = {isa = PBXBuildFile; fileRef = 6BFA62C11D4A5BC800AD297A /* chooselevels.sks */; };
		6BFA62C41D4A5DAB00AD297A /* chooselevels.swift in Sources */ = {isa = PBXBuildFile; fileRef = 6BFA62C31D4A5DAB00AD297A /* chooselevels.swift */; };
/* End PBXBuildFile section */

/* Begin PBXFileReference section */
		6B040A581D4951C90093A265 /* characteractions.sks */ = {isa = PBXFileReference; lastKnownFileType = file.sks; path = characteractions.sks; sourceTree = "<group>"; };
		6B040A5A1D49522C0093A265 /* growflowers.sks */ = {isa = PBXFileReference; lastKnownFileType = file.sks; name = growflowers.sks; path = ../growflowers.sks; sourceTree = "<group>"; };
		6B07E29C1D46563C004C61CE /* level1.sks */ = {isa = PBXFileReference; lastKnownFileType = file.sks; path = level1.sks; sourceTree = "<group>"; };
		6B181D791D5267FE0040B357 /* waterEffect.sks */ = {isa = PBXFileReference; lastKnownFileType = file.sks; name = waterEffect.sks; path = ../waterEffect.sks; sourceTree = "<group>"; };
		6B739A241D33F79800EDAE3C /* MSButtonNode.swift */ = {isa = PBXFileReference; fileEncoding = 4; lastKnownFileType = sourcecode.swift; path = MSButtonNode.swift; sourceTree = "<group>"; };
		6B739A251D33F79800EDAE3C /* MSReferenceNode.swift */ = {isa = PBXFileReference; fileEncoding = 4; lastKnownFileType = sourcecode.swift; path = MSReferenceNode.swift; sourceTree = "<group>"; };
		6B739A271D33F79800EDAE3C /* CGFloat+Extensions.swift */ = {isa = PBXFileReference; fileEncoding = 4; lastKnownFileType = sourcecode.swift; path = "CGFloat+Extensions.swift"; sourceTree = "<group>"; };
		6B739A281D33F79800EDAE3C /* CGPoint+Extensions.swift */ = {isa = PBXFileReference; fileEncoding = 4; lastKnownFileType = sourcecode.swift; path = "CGPoint+Extensions.swift"; sourceTree = "<group>"; };
		6B739A291D33F79800EDAE3C /* CGVector+Extensions.swift */ = {isa = PBXFileReference; fileEncoding = 4; lastKnownFileType = sourcecode.swift; path = "CGVector+Extensions.swift"; sourceTree = "<group>"; };
		6B739A2A1D33F79800EDAE3C /* Int+Extensions.swift */ = {isa = PBXFileReference; fileEncoding = 4; lastKnownFileType = sourcecode.swift; path = "Int+Extensions.swift"; sourceTree = "<group>"; };
		6B739A2B1D33F79800EDAE3C /* SKAction+Extensions.swift */ = {isa = PBXFileReference; fileEncoding = 4; lastKnownFileType = sourcecode.swift; path = "SKAction+Extensions.swift"; sourceTree = "<group>"; };
		6B739A2C1D33F79800EDAE3C /* SKAction+SpecialEffects.swift */ = {isa = PBXFileReference; fileEncoding = 4; lastKnownFileType = sourcecode.swift; path = "SKAction+SpecialEffects.swift"; sourceTree = "<group>"; };
		6B739A2D1D33F79800EDAE3C /* SKColor+Extensions.swift */ = {isa = PBXFileReference; fileEncoding = 4; lastKnownFileType = sourcecode.swift; path = "SKColor+Extensions.swift"; sourceTree = "<group>"; };
		6B739A2E1D33F79800EDAE3C /* SKNode+Extensions.swift */ = {isa = PBXFileReference; fileEncoding = 4; lastKnownFileType = sourcecode.swift; path = "SKNode+Extensions.swift"; sourceTree = "<group>"; };
		6B739A2F1D33F79800EDAE3C /* SKTAudio.swift */ = {isa = PBXFileReference; fileEncoding = 4; lastKnownFileType = sourcecode.swift; path = SKTAudio.swift; sourceTree = "<group>"; };
		6B739A301D33F79800EDAE3C /* SKTEffects.swift */ = {isa = PBXFileReference; fileEncoding = 4; lastKnownFileType = sourcecode.swift; path = SKTEffects.swift; sourceTree = "<group>"; };
		6B739A311D33F79800EDAE3C /* SKTTimingFunctions.swift */ = {isa = PBXFileReference; fileEncoding = 4; lastKnownFileType = sourcecode.swift; path = SKTTimingFunctions.swift; sourceTree = "<group>"; };
		6B739A321D33F79800EDAE3C /* Vector3.swift */ = {isa = PBXFileReference; fileEncoding = 4; lastKnownFileType = sourcecode.swift; path = Vector3.swift; sourceTree = "<group>"; };
		6B9DCF041D342E1D00551877 /* MainScene.sks */ = {isa = PBXFileReference; lastKnownFileType = file.sks; path = MainScene.sks; sourceTree = "<group>"; };
		6B9DCF061D34319900551877 /* MainScene.swift */ = {isa = PBXFileReference; fileEncoding = 4; lastKnownFileType = sourcecode.swift; path = MainScene.swift; sourceTree = "<group>"; };
		6BECC8861D2D9B53006ED0B7 /* Objects.swift */ = {isa = PBXFileReference; fileEncoding = 4; lastKnownFileType = sourcecode.swift; path = Objects.swift; sourceTree = "<group>"; };
		6BEDCF901D2D500F0003F190 /* Melon.app */ = {isa = PBXFileReference; explicitFileType = wrapper.application; includeInIndex = 0; path = Melon.app; sourceTree = BUILT_PRODUCTS_DIR; };
		6BEDCF931D2D500F0003F190 /* AppDelegate.swift */ = {isa = PBXFileReference; lastKnownFileType = sourcecode.swift; path = AppDelegate.swift; sourceTree = "<group>"; };
		6BEDCF951D2D500F0003F190 /* GameScene.sks */ = {isa = PBXFileReference; lastKnownFileType = file.sks; path = GameScene.sks; sourceTree = "<group>"; };
		6BEDCF971D2D500F0003F190 /* GameScene.swift */ = {isa = PBXFileReference; lastKnownFileType = sourcecode.swift; path = GameScene.swift; sourceTree = "<group>"; };
		6BEDCF991D2D500F0003F190 /* GameViewController.swift */ = {isa = PBXFileReference; lastKnownFileType = sourcecode.swift; path = GameViewController.swift; sourceTree = "<group>"; };
		6BEDCF9C1D2D500F0003F190 /* Base */ = {isa = PBXFileReference; lastKnownFileType = file.storyboard; name = Base; path = Base.lproj/Main.storyboard; sourceTree = "<group>"; };
		6BEDCF9E1D2D500F0003F190 /* Assets.xcassets */ = {isa = PBXFileReference; lastKnownFileType = folder.assetcatalog; path = Assets.xcassets; sourceTree = "<group>"; };
		6BEDCFA11D2D500F0003F190 /* Base */ = {isa = PBXFileReference; lastKnownFileType = file.storyboard; name = Base; path = Base.lproj/LaunchScreen.storyboard; sourceTree = "<group>"; };
		6BEDCFA31D2D500F0003F190 /* Info.plist */ = {isa = PBXFileReference; lastKnownFileType = text.plist.xml; path = Info.plist; sourceTree = "<group>"; };
		6BEDCFAA1D2D52AD0003F190 /* sfx_flap.caf */ = {isa = PBXFileReference; lastKnownFileType = file; path = sfx_flap.caf; sourceTree = "<group>"; };
		6BEDCFAB1D2D52AD0003F190 /* sfx_goal.caf */ = {isa = PBXFileReference; lastKnownFileType = file; path = sfx_goal.caf; sourceTree = "<group>"; };
		6BEDD4191D3D715F00CCB0E7 /* pickchar.swift */ = {isa = PBXFileReference; fileEncoding = 4; lastKnownFileType = sourcecode.swift; path = pickchar.swift; sourceTree = "<group>"; };
		6BEDD41D1D3D71B000CCB0E7 /* pickchar.sks */ = {isa = PBXFileReference; lastKnownFileType = file.sks; path = pickchar.sks; sourceTree = "<group>"; };
		6BF2A8D01D47BBF300821C1A /* level2.sks */ = {isa = PBXFileReference; lastKnownFileType = file.sks; path = level2.sks; sourceTree = "<group>"; };
		6BF2A8D21D47BC0500821C1A /* level3.sks */ = {isa = PBXFileReference; lastKnownFileType = file.sks; path = level3.sks; sourceTree = "<group>"; };
		6BF2A8D41D47BC1500821C1A /* level4.sks */ = {isa = PBXFileReference; lastKnownFileType = file.sks; path = level4.sks; sourceTree = "<group>"; };
		6BF2A8D61D47EDEE00821C1A /* candleExplosion.sks */ = {isa = PBXFileReference; lastKnownFileType = file.sks; path = candleExplosion.sks; sourceTree = "<group>"; };
		6BF2A8D71D47EDEE00821C1A /* spark.png */ = {isa = PBXFileReference; lastKnownFileType = image.png; path = spark.png; sourceTree = "<group>"; };
		6BFA62C11D4A5BC800AD297A /* chooselevels.sks */ = {isa = PBXFileReference; lastKnownFileType = file.sks; path = chooselevels.sks; sourceTree = "<group>"; };
		6BFA62C31D4A5DAB00AD297A /* chooselevels.swift */ = {isa = PBXFileReference; fileEncoding = 4; lastKnownFileType = sourcecode.swift; path = chooselevels.swift; sourceTree = "<group>"; };
/* End PBXFileReference section */

/* Begin PBXFrameworksBuildPhase section */
		6BEDCF8D1D2D500F0003F190 /* Frameworks */ = {
			isa = PBXFrameworksBuildPhase;
			buildActionMask = 2147483647;
			files = (
			);
			runOnlyForDeploymentPostprocessing = 0;
		};
/* End PBXFrameworksBuildPhase section */

/* Begin PBXGroup section */
		6B07E29B1D46561F004C61CE /* levels */ = {
			isa = PBXGroup;
			children = (
				6B07E29C1D46563C004C61CE /* level1.sks */,
				6BF2A8D01D47BBF300821C1A /* level2.sks */,
				6BF2A8D21D47BC0500821C1A /* level3.sks */,
				6BF2A8D41D47BC1500821C1A /* level4.sks */,
			);
			name = levels;
			sourceTree = "<group>";
		};
		6B739A231D33F79800EDAE3C /* Utils */ = {
			isa = PBXGroup;
			children = (
				6B739A241D33F79800EDAE3C /* MSButtonNode.swift */,
				6B739A251D33F79800EDAE3C /* MSReferenceNode.swift */,
				6B739A261D33F79800EDAE3C /* SKTUtils */,
			);
			path = Utils;
			sourceTree = "<group>";
		};
		6B739A261D33F79800EDAE3C /* SKTUtils */ = {
			isa = PBXGroup;
			children = (
				6B739A271D33F79800EDAE3C /* CGFloat+Extensions.swift */,
				6B739A281D33F79800EDAE3C /* CGPoint+Extensions.swift */,
				6B739A291D33F79800EDAE3C /* CGVector+Extensions.swift */,
				6B739A2A1D33F79800EDAE3C /* Int+Extensions.swift */,
				6B739A2B1D33F79800EDAE3C /* SKAction+Extensions.swift */,
				6B739A2C1D33F79800EDAE3C /* SKAction+SpecialEffects.swift */,
				6B739A2D1D33F79800EDAE3C /* SKColor+Extensions.swift */,
				6B739A2E1D33F79800EDAE3C /* SKNode+Extensions.swift */,
				6B739A2F1D33F79800EDAE3C /* SKTAudio.swift */,
				6B739A301D33F79800EDAE3C /* SKTEffects.swift */,
				6B739A311D33F79800EDAE3C /* SKTTimingFunctions.swift */,
				6B739A321D33F79800EDAE3C /* Vector3.swift */,
			);
			path = SKTUtils;
			sourceTree = "<group>";
		};
		6BEDCF871D2D500F0003F190 = {
			isa = PBXGroup;
			children = (
				6BEDCF921D2D500F0003F190 /* Melon */,
				6BEDCF911D2D500F0003F190 /* Products */,
			);
			sourceTree = "<group>";
		};
		6BEDCF911D2D500F0003F190 /* Products */ = {
			isa = PBXGroup;
			children = (
				6BEDCF901D2D500F0003F190 /* Melon.app */,
			);
			name = Products;
			sourceTree = "<group>";
		};
		6BEDCF921D2D500F0003F190 /* Melon */ = {
			isa = PBXGroup;
			children = (
				6B739A231D33F79800EDAE3C /* Utils */,
				6BEDCF931D2D500F0003F190 /* AppDelegate.swift */,
				6BEDCF971D2D500F0003F190 /* GameScene.swift */,
				6BEDCF951D2D500F0003F190 /* GameScene.sks */,
				6B040A5A1D49522C0093A265 /* growflowers.sks */,
				6B040A581D4951C90093A265 /* characteractions.sks */,
				6BF2A8D61D47EDEE00821C1A /* candleExplosion.sks */,
				6B181D791D5267FE0040B357 /* waterEffect.sks */,
				6BF2A8D71D47EDEE00821C1A /* spark.png */,
				6B07E29B1D46561F004C61CE /* levels */,
				6BEDD41D1D3D71B000CCB0E7 /* pickchar.sks */,
				6BEDD4191D3D715F00CCB0E7 /* pickchar.swift */,
				6B9DCF061D34319900551877 /* MainScene.swift */,
				6B9DCF041D342E1D00551877 /* MainScene.sks */,
				6BFA62C11D4A5BC800AD297A /* chooselevels.sks */,
				6BFA62C31D4A5DAB00AD297A /* chooselevels.swift */,
				6BECC8861D2D9B53006ED0B7 /* Objects.swift */,
				6BEDCF991D2D500F0003F190 /* GameViewController.swift */,
				6BEDCF9B1D2D500F0003F190 /* Main.storyboard */,
				6BEDCFA91D2D52AD0003F190 /* SFX */,
				6BEDCF9E1D2D500F0003F190 /* Assets.xcassets */,
				6BEDCFA01D2D500F0003F190 /* LaunchScreen.storyboard */,
				6BEDCFA31D2D500F0003F190 /* Info.plist */,
			);
			path = Melon;
			sourceTree = "<group>";
		};
		6BEDCFA91D2D52AD0003F190 /* SFX */ = {
			isa = PBXGroup;
			children = (
				6BEDCFAA1D2D52AD0003F190 /* sfx_flap.caf */,
				6BEDCFAB1D2D52AD0003F190 /* sfx_goal.caf */,
			);
			path = SFX;
			sourceTree = "<group>";
		};
/* End PBXGroup section */

/* Begin PBXNativeTarget section */
		6BEDCF8F1D2D500F0003F190 /* Melon */ = {
			isa = PBXNativeTarget;
			buildConfigurationList = 6BEDCFA61D2D500F0003F190 /* Build configuration list for PBXNativeTarget "Melon" */;
			buildPhases = (
				6BEDCF8C1D2D500F0003F190 /* Sources */,
				6BEDCF8D1D2D500F0003F190 /* Frameworks */,
				6BEDCF8E1D2D500F0003F190 /* Resources */,
			);
			buildRules = (
			);
			dependencies = (
			);
			name = Melon;
			productName = Melon;
			productReference = 6BEDCF901D2D500F0003F190 /* Melon.app */;
			productType = "com.apple.product-type.application";
		};
/* End PBXNativeTarget section */

/* Begin PBXProject section */
		6BEDCF881D2D500F0003F190 /* Project object */ = {
			isa = PBXProject;
			attributes = {
				LastSwiftUpdateCheck = 0730;
				LastUpgradeCheck = 0730;
				ORGANIZATIONNAME = Kafilah;
				TargetAttributes = {
					6BEDCF8F1D2D500F0003F190 = {
						CreatedOnToolsVersion = 7.3.1;
						DevelopmentTeam = N8FD59XP9Z;
					};
				};
			};
			buildConfigurationList = 6BEDCF8B1D2D500F0003F190 /* Build configuration list for PBXProject "Melon" */;
			compatibilityVersion = "Xcode 3.2";
			developmentRegion = English;
			hasScannedForEncodings = 0;
			knownRegions = (
				en,
				Base,
			);
			mainGroup = 6BEDCF871D2D500F0003F190;
			productRefGroup = 6BEDCF911D2D500F0003F190 /* Products */;
			projectDirPath = "";
			projectRoot = "";
			targets = (
				6BEDCF8F1D2D500F0003F190 /* Melon */,
			);
		};
/* End PBXProject section */

/* Begin PBXResourcesBuildPhase section */
		6BEDCF8E1D2D500F0003F190 /* Resources */ = {
			isa = PBXResourcesBuildPhase;
			buildActionMask = 2147483647;
			files = (
				6BFA62C21D4A5BC800AD297A /* chooselevels.sks in Resources */,
				6B07E29D1D46563C004C61CE /* level1.sks in Resources */,
				6BF2A8D51D47BC1500821C1A /* level4.sks in Resources */,
				6BEDD41E1D3D71B000CCB0E7 /* pickchar.sks in Resources */,
				6BF2A8D91D47EDEE00821C1A /* spark.png in Resources */,
				6B181D7A1D5267FE0040B357 /* waterEffect.sks in Resources */,
				6BEDCF961D2D500F0003F190 /* GameScene.sks in Resources */,
				6B040A591D4951C90093A265 /* characteractions.sks in Resources */,
				6BEDCFAC1D2D52AD0003F190 /* sfx_flap.caf in Resources */,
				6BF2A8D31D47BC0500821C1A /* level3.sks in Resources */,
				6BEDCFA21D2D500F0003F190 /* LaunchScreen.storyboard in Resources */,
				6BF2A8D11D47BBF300821C1A /* level2.sks in Resources */,
				6BEDCF9F1D2D500F0003F190 /* Assets.xcassets in Resources */,
				6B9DCF051D342E1D00551877 /* MainScene.sks in Resources */,
				6BF2A8D81D47EDEE00821C1A /* candleExplosion.sks in Resources */,
				6BEDCF9D1D2D500F0003F190 /* Main.storyboard in Resources */,
				6BEDCFAD1D2D52AD0003F190 /* sfx_goal.caf in Resources */,
				6B040A5B1D49522C0093A265 /* growflowers.sks in Resources */,
			);
			runOnlyForDeploymentPostprocessing = 0;
		};
/* End PBXResourcesBuildPhase section */

/* Begin PBXSourcesBuildPhase section */
		6BEDCF8C1D2D500F0003F190 /* Sources */ = {
			isa = PBXSourcesBuildPhase;
			buildActionMask = 2147483647;
			files = (
				6B739A371D33F79800EDAE3C /* CGVector+Extensions.swift in Sources */,
				6B739A341D33F79800EDAE3C /* MSReferenceNode.swift in Sources */,
				6B739A3C1D33F79800EDAE3C /* SKNode+Extensions.swift in Sources */,
				6BEDCF981D2D500F0003F190 /* GameScene.swift in Sources */,
				6B739A391D33F79800EDAE3C /* SKAction+Extensions.swift in Sources */,
				6BECC8871D2D9B53006ED0B7 /* Objects.swift in Sources */,
				6BEDCF9A1D2D500F0003F190 /* GameViewController.swift in Sources */,
				6B739A361D33F79800EDAE3C /* CGPoint+Extensions.swift in Sources */,
				6B739A3A1D33F79800EDAE3C /* SKAction+SpecialEffects.swift in Sources */,
				6B739A331D33F79800EDAE3C /* MSButtonNode.swift in Sources */,
				6BEDD41A1D3D715F00CCB0E7 /* pickchar.swift in Sources */,
				6B739A3F1D33F79800EDAE3C /* SKTTimingFunctions.swift in Sources */,
				6B739A3B1D33F79800EDAE3C /* SKColor+Extensions.swift in Sources */,
				6B739A381D33F79800EDAE3C /* Int+Extensions.swift in Sources */,
				6B739A3D1D33F79800EDAE3C /* SKTAudio.swift in Sources */,
				6B739A351D33F79800EDAE3C /* CGFloat+Extensions.swift in Sources */,
				6BFA62C41D4A5DAB00AD297A /* chooselevels.swift in Sources */,
				6B739A3E1D33F79800EDAE3C /* SKTEffects.swift in Sources */,
				6B9DCF071D34319900551877 /* MainScene.swift in Sources */,
				6B739A401D33F79800EDAE3C /* Vector3.swift in Sources */,
				6BEDCF941D2D500F0003F190 /* AppDelegate.swift in Sources */,
			);
			runOnlyForDeploymentPostprocessing = 0;
		};
/* End PBXSourcesBuildPhase section */

/* Begin PBXVariantGroup section */
		6BEDCF9B1D2D500F0003F190 /* Main.storyboard */ = {
			isa = PBXVariantGroup;
			children = (
				6BEDCF9C1D2D500F0003F190 /* Base */,
			);
			name = Main.storyboard;
			sourceTree = "<group>";
		};
		6BEDCFA01D2D500F0003F190 /* LaunchScreen.storyboard */ = {
			isa = PBXVariantGroup;
			children = (
				6BEDCFA11D2D500F0003F190 /* Base */,
			);
			name = LaunchScreen.storyboard;
			sourceTree = "<group>";
		};
/* End PBXVariantGroup section */

/* Begin XCBuildConfiguration section */
		6BEDCFA41D2D500F0003F190 /* Debug */ = {
			isa = XCBuildConfiguration;
			buildSettings = {
				ALWAYS_SEARCH_USER_PATHS = NO;
				CLANG_ANALYZER_NONNULL = YES;
				CLANG_CXX_LANGUAGE_STANDARD = "gnu++0x";
				CLANG_CXX_LIBRARY = "libc++";
				CLANG_ENABLE_MODULES = YES;
				CLANG_ENABLE_OBJC_ARC = YES;
				CLANG_WARN_BOOL_CONVERSION = YES;
				CLANG_WARN_CONSTANT_CONVERSION = YES;
				CLANG_WARN_DIRECT_OBJC_ISA_USAGE = YES_ERROR;
				CLANG_WARN_EMPTY_BODY = YES;
				CLANG_WARN_ENUM_CONVERSION = YES;
				CLANG_WARN_INT_CONVERSION = YES;
				CLANG_WARN_OBJC_ROOT_CLASS = YES_ERROR;
				CLANG_WARN_UNREACHABLE_CODE = YES;
				CLANG_WARN__DUPLICATE_METHOD_MATCH = YES;
				"CODE_SIGN_IDENTITY[sdk=iphoneos*]" = "iPhone Developer";
				COPY_PHASE_STRIP = NO;
				DEBUG_INFORMATION_FORMAT = "dwarf-with-dsym";
				ENABLE_STRICT_OBJC_MSGSEND = YES;
				ENABLE_TESTABILITY = YES;
				GCC_C_LANGUAGE_STANDARD = gnu99;
				GCC_DYNAMIC_NO_PIC = NO;
				GCC_NO_COMMON_BLOCKS = YES;
				GCC_OPTIMIZATION_LEVEL = 0;
				GCC_PREPROCESSOR_DEFINITIONS = (
					"DEBUG=1",
					"$(inherited)",
				);
				GCC_WARN_64_TO_32_BIT_CONVERSION = YES;
				GCC_WARN_ABOUT_RETURN_TYPE = YES_ERROR;
				GCC_WARN_UNDECLARED_SELECTOR = YES;
				GCC_WARN_UNINITIALIZED_AUTOS = YES_AGGRESSIVE;
				GCC_WARN_UNUSED_FUNCTION = YES;
				GCC_WARN_UNUSED_VARIABLE = YES;
				IPHONEOS_DEPLOYMENT_TARGET = 9.3;
				MTL_ENABLE_DEBUG_INFO = YES;
				ONLY_ACTIVE_ARCH = YES;
				SDKROOT = iphoneos;
				SWIFT_OPTIMIZATION_LEVEL = "-Onone";
			};
			name = Debug;
		};
		6BEDCFA51D2D500F0003F190 /* Release */ = {
			isa = XCBuildConfiguration;
			buildSettings = {
				ALWAYS_SEARCH_USER_PATHS = NO;
				CLANG_ANALYZER_NONNULL = YES;
				CLANG_CXX_LANGUAGE_STANDARD = "gnu++0x";
				CLANG_CXX_LIBRARY = "libc++";
				CLANG_ENABLE_MODULES = YES;
				CLANG_ENABLE_OBJC_ARC = YES;
				CLANG_WARN_BOOL_CONVERSION = YES;
				CLANG_WARN_CONSTANT_CONVERSION = YES;
				CLANG_WARN_DIRECT_OBJC_ISA_USAGE = YES_ERROR;
				CLANG_WARN_EMPTY_BODY = YES;
				CLANG_WARN_ENUM_CONVERSION = YES;
				CLANG_WARN_INT_CONVERSION = YES;
				CLANG_WARN_OBJC_ROOT_CLASS = YES_ERROR;
				CLANG_WARN_UNREACHABLE_CODE = YES;
				CLANG_WARN__DUPLICATE_METHOD_MATCH = YES;
				"CODE_SIGN_IDENTITY[sdk=iphoneos*]" = "iPhone Developer";
				COPY_PHASE_STRIP = NO;
				DEBUG_INFORMATION_FORMAT = "dwarf-with-dsym";
				ENABLE_NS_ASSERTIONS = NO;
				ENABLE_STRICT_OBJC_MSGSEND = YES;
				GCC_C_LANGUAGE_STANDARD = gnu99;
				GCC_NO_COMMON_BLOCKS = YES;
				GCC_WARN_64_TO_32_BIT_CONVERSION = YES;
				GCC_WARN_ABOUT_RETURN_TYPE = YES_ERROR;
				GCC_WARN_UNDECLARED_SELECTOR = YES;
				GCC_WARN_UNINITIALIZED_AUTOS = YES_AGGRESSIVE;
				GCC_WARN_UNUSED_FUNCTION = YES;
				GCC_WARN_UNUSED_VARIABLE = YES;
				IPHONEOS_DEPLOYMENT_TARGET = 9.3;
				MTL_ENABLE_DEBUG_INFO = NO;
				SDKROOT = iphoneos;
				VALIDATE_PRODUCT = YES;
			};
			name = Release;
		};
		6BEDCFA71D2D500F0003F190 /* Debug */ = {
			isa = XCBuildConfiguration;
			buildSettings = {
				ASSETCATALOG_COMPILER_APPICON_NAME = AppIcon;
				CODE_SIGN_IDENTITY = "iPhone Developer";
				"CODE_SIGN_IDENTITY[sdk=iphoneos*]" = "iPhone Developer";
				INFOPLIST_FILE = Melon/Info.plist;
				LD_RUNPATH_SEARCH_PATHS = "$(inherited) @executable_path/Frameworks";
				PRODUCT_BUNDLE_IDENTIFIER = me.kafilah.Melon;
				PRODUCT_NAME = "$(TARGET_NAME)";
				PROVISIONING_PROFILE = "";
			};
			name = Debug;
		};
		6BEDCFA81D2D500F0003F190 /* Release */ = {
			isa = XCBuildConfiguration;
			buildSettings = {
				ASSETCATALOG_COMPILER_APPICON_NAME = AppIcon;
				CODE_SIGN_IDENTITY = "iPhone Developer";
				"CODE_SIGN_IDENTITY[sdk=iphoneos*]" = "iPhone Developer";
				INFOPLIST_FILE = Melon/Info.plist;
				LD_RUNPATH_SEARCH_PATHS = "$(inherited) @executable_path/Frameworks";
				PRODUCT_BUNDLE_IDENTIFIER = me.kafilah.Melon;
				PRODUCT_NAME = "$(TARGET_NAME)";
				PROVISIONING_PROFILE = "";
			};
			name = Release;
		};
/* End XCBuildConfiguration section */

/* Begin XCConfigurationList section */
		6BEDCF8B1D2D500F0003F190 /* Build configuration list for PBXProject "Melon" */ = {
			isa = XCConfigurationList;
			buildConfigurations = (
				6BEDCFA41D2D500F0003F190 /* Debug */,
				6BEDCFA51D2D500F0003F190 /* Release */,
			);
			defaultConfigurationIsVisible = 0;
			defaultConfigurationName = Release;
		};
		6BEDCFA61D2D500F0003F190 /* Build configuration list for PBXNativeTarget "Melon" */ = {
			isa = XCConfigurationList;
			buildConfigurations = (
				6BEDCFA71D2D500F0003F190 /* Debug */,
				6BEDCFA81D2D500F0003F190 /* Release */,
			);
			defaultConfigurationIsVisible = 0;
			defaultConfigurationName = Release;
		};
/* End XCConfigurationList section */
	};
	rootObject = 6BEDCF881D2D500F0003F190 /* Project object */;
}
